
Microsoft Visual Studio Solution File, Format Version 12.00
# Visual Studio Version 17
VisualStudioVersion = 17.7.34031.279
MinimumVisualStudioVersion = 10.0.40219.1
Project("{FAE04EC0-301F-11D3-BF4B-00C04F79EFBC}") = "ClassLibrary2", "ClassLibrary2.csproj", "{D8E70391-4264-4D1D-BC80-338E3CF2A36D}"
EndProject
Global
	GlobalSection(SolutionConfigurationPlatforms) = preSolution
		Debug|Any CPU = Debug|Any CPU
		Release|Any CPU = Release|Any CPU
	EndGlobalSection
	GlobalSection(ProjectConfigurationPlatforms) = postSolution
		{D8E70391-4264-4D1D-BC80-338E3CF2A36D}.Debug|Any CPU.ActiveCfg = Debug|Any CPU
		{D8E70391-4264-4D1D-BC80-338E3CF2A36D}.Debug|Any CPU.Build.0 = Debug|Any CPU
		{D8E70391-4264-4D1D-BC80-338E3CF2A36D}.Release|Any CPU.ActiveCfg = Release|Any CPU
		{D8E70391-4264-4D1D-BC80-338E3CF2A36D}.Release|Any CPU.Build.0 = Release|Any CPU
	EndGlobalSection
	GlobalSection(SolutionProperties) = preSolution
		HideSolutionNode = FALSE
	EndGlobalSection
	GlobalSection(ExtensibilityGlobals) = postSolution
		SolutionGuid = {AF8588BD-8ED3-42CA-B22A-636FBFF664D2}
	EndGlobalSection
EndGlobal
